
Microsoft Visual Studio Solution File, Format Version 12.00
# Visual Studio Version 17
VisualStudioVersion = 17.14.36203.30
MinimumVisualStudioVersion = 10.0.40219.1
Project("{FAE04EC0-301F-11D3-BF4B-00C04F79EFBC}") = "SimListView", "SimListView.csproj", "{371F1820-F888-28E4-53EA-A67E4006B921}"
EndProject
Global
	GlobalSection(SolutionConfigurationPlatforms) = preSolution
		Debug|Any CPU = Debug|Any CPU
		Release|Any CPU = Release|Any CPU
	EndGlobalSection
	GlobalSection(ProjectConfigurationPlatforms) = postSolution
		{371F1820-F888-28E4-53EA-A67E4006B921}.Debug|Any CPU.ActiveCfg = Debug|Any CPU
		{371F1820-F888-28E4-53EA-A67E4006B921}.Debug|Any CPU.Build.0 = Debug|Any CPU
		{371F1820-F888-28E4-53EA-A67E4006B921}.Release|Any CPU.ActiveCfg = Release|Any CPU
		{371F1820-F888-28E4-53EA-A67E4006B921}.Release|Any CPU.Build.0 = Release|Any CPU
	EndGlobalSection
	GlobalSection(SolutionProperties) = preSolution
		HideSolutionNode = FALSE
	EndGlobalSection
	GlobalSection(ExtensibilityGlobals) = postSolution
		SolutionGuid = {74F3C635-BC68-4A08-86E6-CE13B1C81680}
	EndGlobalSection
EndGlobal
