
Microsoft Visual Studio Solution File, Format Version 12.00
# Visual Studio Version 17
VisualStudioVersion = 17.14.36221.1 d17.14
MinimumVisualStudioVersion = 10.0.40219.1
Project("{FAE04EC0-301F-11D3-BF4B-00C04F79EFBC}") = "SimListView", "Application\SimListView.csproj", "{371F1820-F888-28E4-53EA-A67E4006B921}"
EndProject
Project("{FAE04EC0-301F-11D3-BF4B-00C04F79EFBC}") = "SimListView.Test", "Test\SimListView.Test\SimListView.Test.csproj", "{29F06D76-64F0-47CF-8386-B0998C12E03A}"
EndProject
Global
	GlobalSection(SolutionConfigurationPlatforms) = preSolution
		Debug|x64 = Debug|x64
		Release|x64 = Release|x64
	EndGlobalSection
	GlobalSection(ProjectConfigurationPlatforms) = postSolution
		{371F1820-F888-28E4-53EA-A67E4006B921}.Debug|x64.ActiveCfg = Debug|x64
		{371F1820-F888-28E4-53EA-A67E4006B921}.Debug|x64.Build.0 = Debug|x64
		{371F1820-F888-28E4-53EA-A67E4006B921}.Release|x64.ActiveCfg = Release|x64
		{371F1820-F888-28E4-53EA-A67E4006B921}.Release|x64.Build.0 = Release|x64
		{29F06D76-64F0-47CF-8386-B0998C12E03A}.Debug|x64.ActiveCfg = Debug|Any CPU
		{29F06D76-64F0-47CF-8386-B0998C12E03A}.Debug|x64.Build.0 = Debug|Any CPU
		{29F06D76-64F0-47CF-8386-B0998C12E03A}.Release|x64.ActiveCfg = Release|Any CPU
		{29F06D76-64F0-47CF-8386-B0998C12E03A}.Release|x64.Build.0 = Release|Any CPU
	EndGlobalSection
	GlobalSection(SolutionProperties) = preSolution
		HideSolutionNode = FALSE
	EndGlobalSection
	GlobalSection(ExtensibilityGlobals) = postSolution
		SolutionGuid = {85A7F0BB-ACA9-4D17-A0FA-31D9831A8222}
	EndGlobalSection
EndGlobal
